# This file is autogenerated, do not edit; changes may be undone by the next 'dep ensure'.


[[projects]]
  digest = "1:3722149f7ee09f06e4f5e0e317e8932b74c7c159f2e0bef33a3504254edf0db3"
  name = "github.com/bitly/go-simplejson"
  packages = ["."]
  pruneopts = "UT"
  revision = "da1a8928f709389522c8023062a3739f3b4af419"

[[projects]]
  digest = "1:517382f932a64127bd74a813402741263957860378e2d3e4dd3ba761a2efb08a"
  name = "github.com/d4l3k/talib"
  packages = ["."]
  pruneopts = "UT"
  revision = "7775b9da1da7c78030e9939ff9cee7b8d3c55223"

[[projects]]
  digest = "1:1252ee6bbb9e7d446f732fed6418646f8b9a617ea2bcb9fdf70c83cb676e588a"
  name = "github.com/dgrijalva/jwt-go"
  packages = ["."]
  pruneopts = "UT"
  revision = "6c8dedd55f8a2e41f605de6d5d66e51ed1f299fc"

[[projects]]
  digest = "1:f779e6a6b3a143d9fd6cbc8e1c3ddfbe42df2cbab0ecabe66669a609a56460b8"
  name = "github.com/go-ini/ini"
  packages = ["."]
  pruneopts = "UT"
  revision = "e7fea39b01aea8d5671f6858f0532f56e8bff3a5"
  version = "v1.27.0"

[[projects]]
  digest = "1:46b3027cb2e51b0e9198e69692a63bfa6192a03c492048881a76d1e308060fd4"
  name = "github.com/go-sql-driver/mysql"
  packages = ["."]
  pruneopts = "UT"
  revision = "382e13d099fcf5f5994290892ab258fbebbdc5e3"

[[projects]]
  digest = "1:c79fb010be38a59d657c48c6ba1d003a8aa651fa56b579d959d74573b7dff8e1"
  name = "github.com/gorilla/context"
  packages = ["."]
  pruneopts = "UT"
  revision = "08b5f424b9271eedf6f9f0ce86cb9396ed337a42"
  version = "v1.1.1"

[[projects]]
  digest = "1:e72d1ebb8d395cf9f346fd9cbc652e5ae222dd85e0ac842dc57f175abed6d195"
  name = "github.com/gorilla/securecookie"
  packages = ["."]
  pruneopts = "UT"
  revision = "e59506cc896acb7f7bf732d4fdf5e25f7ccd8983"
  version = "v1.1.1"

[[projects]]
  digest = "1:a5c6fc497c98f4a9cbeb4602372cb5f5e140ffa78530f1799f3c97a6c1d63d00"
  name = "github.com/gorilla/sessions"
  packages = ["."]
  pruneopts = "UT"
  revision = "8b6b4cd75f07f7ee036eb37b8127bd40ab1efc49"

[[projects]]
  digest = "1:495b8c991271f5d3dd1bf031370742cf12332e1302504d3e5441d41f16b4a925"
  name = "github.com/hprose/hprose-golang"
  packages = [
    "io",
    "rpc",
    "util",
  ]
  pruneopts = "UT"
  revision = "896a274064cbeed12c9bdaaa259722f8fe097049"

[[projects]]
  digest = "1:fa90b5313aa530bac1ceef71f77607eea2ab600dd5698e2ca20ced7bed59884c"
  name = "github.com/jinzhu/gorm"
  packages = [
    ".",
    "dialects/mysql",
    "dialects/postgres",
    "dialects/sqlite",
  ]
  pruneopts = "UT"
  revision = "9acaa33324bbcc78239a1c913d4f1292c12177b9"

[[projects]]
  digest = "1:2cf1e05311b662e68d938f6655c6c5a44ae0e6b3995e390c75fcd8224afa48df"
  name = "github.com/jinzhu/inflection"
  packages = ["."]
  pruneopts = "UT"
  revision = "1c35d901db3da928c72a72d8458480cc9ade058f"

[[projects]]
  digest = "1:5cfc0b0cb65d61a21427d543f5c4761125c0d378c19483739804c220c930b6ff"
  name = "github.com/lib/pq"
  packages = [
    ".",
    "hstore",
    "oid",
  ]
  pruneopts = "UT"
  revision = "2704adc878c21e1329f46f6e56a1c387d788ff94"

[[projects]]
  digest = "1:3cafc6a5a1b8269605d9df4c6956d43d8011fc57f266ca6b9d04da6c09dee548"
  name = "github.com/mattn/go-sqlite3"
  packages = ["."]
  pruneopts = "UT"
  revision = "25ecb14adfc7543176f7d85291ec7dba82c6f7e4"
  version = "v1.9.0"

[[projects]]
  digest = "1:98d2566d67aefda88c59be9996c319460e53a84b5a43489ff312d0b0d2f9b749"
  name = "github.com/robertkrimen/otto"
  packages = [
    ".",
    "ast",
    "dbg",
    "file",
    "parser",
    "registry",
    "token",
  ]
  pruneopts = "UT"
  revision = "21ec96599b1279b5673e4df0097dd56bb8360068"

[[projects]]
  digest = "1:9935525a8c49b8434a0b0a54e1980e94a6fae73aaff45c5d33ba8dff69de123e"
  name = "gopkg.in/sourcemap.v1"
  packages = [
    ".",
    "base64vlq",
  ]
  pruneopts = "UT"
  revision = "6e83acea0053641eff084973fee085f0c193c61a"
  version = "v1.0.5"

[solve-meta]
  analyzer-name = "dep"
  analyzer-version = 1
  input-imports = [
    "github.com/bitly/go-simplejson",
    "github.com/d4l3k/talib",
    "github.com/dgrijalva/jwt-go",
    "github.com/go-ini/ini",
    "github.com/gorilla/sessions",
    "github.com/hprose/hprose-golang/io",
    "github.com/hprose/hprose-golang/rpc",
    "github.com/jinzhu/gorm",
    "github.com/jinzhu/gorm/dialects/mysql",
    "github.com/jinzhu/gorm/dialects/postgres",
    "github.com/jinzhu/gorm/dialects/sqlite",
    "github.com/robertkrimen/otto",
    "github.com/robertkrimen/otto/registry",
  ]
  solver-name = "gps-cdcl"
  solver-version = 1
